# @generated by Move, please check-in and do not edit manually.

[move]
version = 3
manifest_digest = "672EFA0522316661D382420CA3F0B0C57AD5474B5B704C1724830DB4C76B9411"
deps_digest = "3C4103934B1E040BB6B23F1D610B4EF9F2F1166A50A104EADCF77467C004C600"
dependencies = [
  { id = "Sui", name = "Sui" },
  { id = "rabbit", name = "rabbit" },
]

[[move.package]]
id = "MoveStdlib"
source = { git = "https://github.com/MystenLabs/sui.git", rev = "framework/testnet", subdir = "crates/sui-framework/packages/move-stdlib" }

[[move.package]]
id = "Sui"
source = { git = "https://github.com/MystenLabs/sui.git", rev = "framework/testnet", subdir = "crates/sui-framework/packages/sui-framework" }

dependencies = [
  { id = "MoveStdlib", name = "MoveStdlib" },
]

[[move.package]]
id = "rabbit"
source = { local = "../dependencies/rabbit" }

dependencies = [
  { id = "Sui", name = "Sui" },
]

[move.toolchain-version]
compiler-version = "1.60.0"
edition = "2024.beta"
flavor = "sui"

[env]

[env.testnet]
chain-id = "4c78adac"
original-published-id = "0x597d078d30e12147da090bc2c3a806a0a85f17a85ab06d1c6b6a7d48c92d3d9d"
latest-published-id = "0x597d078d30e12147da090bc2c3a806a0a85f17a85ab06d1c6b6a7d48c92d3d9d"
published-version = "1"
